
Microsoft Visual Studio Solution File, Format Version 12.00
# Visual Studio Version 16
VisualStudioVersion = 16.0.30413.136
MinimumVisualStudioVersion = 10.0.40219.1
Project("{8BC9CEB8-8B4A-11D0-8D11-00A0C91BC942}") = "Dochkin.Lab1", "Dochkin.Lab1\Dochkin.Lab1.vcxproj", "{46AB28A2-5843-4F2B-B40B-010F1F2F4599}"
EndProject
Global
	GlobalSection(SolutionConfigurationPlatforms) = preSolution
		Debug|x64 = Debug|x64
		Debug|x86 = Debug|x86
		Release|x64 = Release|x64
		Release|x86 = Release|x86
	EndGlobalSection
	GlobalSection(ProjectConfigurationPlatforms) = postSolution
		{46AB28A2-5843-4F2B-B40B-010F1F2F4599}.Debug|x64.ActiveCfg = Debug|x64
		{46AB28A2-5843-4F2B-B40B-010F1F2F4599}.Debug|x64.Build.0 = Debug|x64
		{46AB28A2-5843-4F2B-B40B-010F1F2F4599}.Debug|x86.ActiveCfg = Debug|Win32
		{46AB28A2-5843-4F2B-B40B-010F1F2F4599}.Debug|x86.Build.0 = Debug|Win32
		{46AB28A2-5843-4F2B-B40B-010F1F2F4599}.Release|x64.ActiveCfg = Release|x64
		{46AB28A2-5843-4F2B-B40B-010F1F2F4599}.Release|x64.Build.0 = Release|x64
		{46AB28A2-5843-4F2B-B40B-010F1F2F4599}.Release|x86.ActiveCfg = Release|Win32
		{46AB28A2-5843-4F2B-B40B-010F1F2F4599}.Release|x86.Build.0 = Release|Win32
	EndGlobalSection
	GlobalSection(SolutionProperties) = preSolution
		HideSolutionNode = FALSE
	EndGlobalSection
	GlobalSection(ExtensibilityGlobals) = postSolution
		SolutionGuid = {ECA89D0B-2E5E-4397-A2F4-C319709684F3}
	EndGlobalSection
EndGlobal
